// !$*UTF8*$!
{
	archiveVersion = 1;
	classes = {
	};
	objectVersion = 50;
	objects = {

/* Begin PBXBuildFile section */
		443D93132158B22E005099BC /* AppDelegate.swift in Sources */ = {isa = PBXBuildFile; fileRef = 443D93122158B22E005099BC /* AppDelegate.swift */; };
		443D931A2158B22F005099BC /* Assets.xcassets in Resources */ = {isa = PBXBuildFile; fileRef = 443D93192158B22F005099BC /* Assets.xcassets */; };
		443D932821595664005099BC /* WelcomeViewController.swift in Sources */ = {isa = PBXBuildFile; fileRef = 443D932721595664005099BC /* WelcomeViewController.swift */; };
		443D932A2159659A005099BC /* ChatViewController.swift in Sources */ = {isa = PBXBuildFile; fileRef = 443D93292159659A005099BC /* ChatViewController.swift */; };
		443D93322159A40B005099BC /* GoogleService-Info.plist in Resources */ = {isa = PBXBuildFile; fileRef = 443D93312159A40B005099BC /* GoogleService-Info.plist */; };
		443D93362159B474005099BC /* Message.swift in Sources */ = {isa = PBXBuildFile; fileRef = 443D93352159B474005099BC /* Message.swift */; };
		443D93392159B89F005099BC /* LaunchScreen.storyboard in Resources */ = {isa = PBXBuildFile; fileRef = 443D931B2158B22F005099BC /* LaunchScreen.storyboard */; };
		44777E54215C65C400E0F0C0 /* UIView+.swift in Sources */ = {isa = PBXBuildFile; fileRef = 44777E50215C65C200E0F0C0 /* UIView+.swift */; };
		44777E55215C65C400E0F0C0 /* UICollectionView+.swift in Sources */ = {isa = PBXBuildFile; fileRef = 44777E51215C65C300E0F0C0 /* UICollectionView+.swift */; };
		44777E56215C65C400E0F0C0 /* UIImage+.swift in Sources */ = {isa = PBXBuildFile; fileRef = 44777E52215C65C300E0F0C0 /* UIImage+.swift */; };
		44777E57215C65C400E0F0C0 /* UIColor+.swift in Sources */ = {isa = PBXBuildFile; fileRef = 44777E53215C65C400E0F0C0 /* UIColor+.swift */; };
		44777E59215CBDFB00E0F0C0 /* DBrepresent.swift in Sources */ = {isa = PBXBuildFile; fileRef = 44777E58215CBDFB00E0F0C0 /* DBrepresent.swift */; };
		44777E5B215CBE6800E0F0C0 /* Channel.swift in Sources */ = {isa = PBXBuildFile; fileRef = 44777E5A215CBE6800E0F0C0 /* Channel.swift */; };
		44777E5E215CBF6500E0F0C0 /* ChannelsViewController.swift in Sources */ = {isa = PBXBuildFile; fileRef = 44777E5D215CBF6500E0F0C0 /* ChannelsViewController.swift */; };
		44777E60215CD8E200E0F0C0 /* SigninViewController.xib in Resources */ = {isa = PBXBuildFile; fileRef = 44777E5F215CD8E200E0F0C0 /* SigninViewController.xib */; };
		44777E64215CD97400E0F0C0 /* AppControl.swift in Sources */ = {isa = PBXBuildFile; fileRef = 44777E63215CD97400E0F0C0 /* AppControl.swift */; };
		44777E66215CD9E100E0F0C0 /* SigninViewController.swift in Sources */ = {isa = PBXBuildFile; fileRef = 44777E65215CD9E100E0F0C0 /* SigninViewController.swift */; };
		44777E68215CDA5100E0F0C0 /* NavigationController.swift in Sources */ = {isa = PBXBuildFile; fileRef = 44777E67215CDA5100E0F0C0 /* NavigationController.swift */; };
		44777E6A215CDA9D00E0F0C0 /* AppSetting.swift in Sources */ = {isa = PBXBuildFile; fileRef = 44777E69215CDA9D00E0F0C0 /* AppSetting.swift */; };
		4488A751215EDF8400434394 /* WelcomeViewController.xib in Resources */ = {isa = PBXBuildFile; fileRef = 4488A750215EDF8400434394 /* WelcomeViewController.xib */; };
		4488A754215EEC6500434394 /* LoginViewController.swift in Sources */ = {isa = PBXBuildFile; fileRef = 4488A752215EEC6500434394 /* LoginViewController.swift */; };
		4488A755215EEC6500434394 /* LoginViewController.xib in Resources */ = {isa = PBXBuildFile; fileRef = 4488A753215EEC6500434394 /* LoginViewController.xib */; };
		91E1423C34E5BA3704FD4C65 /* Pods_Chat_Now.framework in Frameworks */ = {isa = PBXBuildFile; fileRef = D95F3996066A368DAE1FB10D /* Pods_Chat_Now.framework */; };
/* End PBXBuildFile section */

/* Begin PBXFileReference section */
		443D930F2158B22E005099BC /* Chat-Now.app */ = {isa = PBXFileReference; explicitFileType = wrapper.application; includeInIndex = 0; path = "Chat-Now.app"; sourceTree = BUILT_PRODUCTS_DIR; };
		443D93122158B22E005099BC /* AppDelegate.swift */ = {isa = PBXFileReference; lastKnownFileType = sourcecode.swift; path = AppDelegate.swift; sourceTree = "<group>"; };
		443D93192158B22F005099BC /* Assets.xcassets */ = {isa = PBXFileReference; lastKnownFileType = folder.assetcatalog; path = Assets.xcassets; sourceTree = "<group>"; };
		443D931C2158B22F005099BC /* Base */ = {isa = PBXFileReference; lastKnownFileType = file.storyboard; name = Base; path = Base.lproj/LaunchScreen.storyboard; sourceTree = "<group>"; };
		443D931E2158B22F005099BC /* Info.plist */ = {isa = PBXFileReference; lastKnownFileType = text.plist.xml; path = Info.plist; sourceTree = "<group>"; };
		443D932721595664005099BC /* WelcomeViewController.swift */ = {isa = PBXFileReference; lastKnownFileType = sourcecode.swift; path = WelcomeViewController.swift; sourceTree = "<group>"; };
		443D93292159659A005099BC /* ChatViewController.swift */ = {isa = PBXFileReference; lastKnownFileType = sourcecode.swift; path = ChatViewController.swift; sourceTree = "<group>"; };
		443D93312159A40B005099BC /* GoogleService-Info.plist */ = {isa = PBXFileReference; fileEncoding = 4; lastKnownFileType = text.plist.xml; path = "GoogleService-Info.plist"; sourceTree = "<group>"; };
		443D93352159B474005099BC /* Message.swift */ = {isa = PBXFileReference; lastKnownFileType = sourcecode.swift; path = Message.swift; sourceTree = "<group>"; };
		44777E50215C65C200E0F0C0 /* UIView+.swift */ = {isa = PBXFileReference; fileEncoding = 4; lastKnownFileType = sourcecode.swift; path = "UIView+.swift"; sourceTree = "<group>"; };
		44777E51215C65C300E0F0C0 /* UICollectionView+.swift */ = {isa = PBXFileReference; fileEncoding = 4; lastKnownFileType = sourcecode.swift; path = "UICollectionView+.swift"; sourceTree = "<group>"; };
		44777E52215C65C300E0F0C0 /* UIImage+.swift */ = {isa = PBXFileReference; fileEncoding = 4; lastKnownFileType = sourcecode.swift; path = "UIImage+.swift"; sourceTree = "<group>"; };
		44777E53215C65C400E0F0C0 /* UIColor+.swift */ = {isa = PBXFileReference; fileEncoding = 4; lastKnownFileType = sourcecode.swift; path = "UIColor+.swift"; sourceTree = "<group>"; };
		44777E58215CBDFB00E0F0C0 /* DBrepresent.swift */ = {isa = PBXFileReference; lastKnownFileType = sourcecode.swift; path = DBrepresent.swift; sourceTree = "<group>"; };
		44777E5A215CBE6800E0F0C0 /* Channel.swift */ = {isa = PBXFileReference; lastKnownFileType = sourcecode.swift; path = Channel.swift; sourceTree = "<group>"; };
		44777E5D215CBF6500E0F0C0 /* ChannelsViewController.swift */ = {isa = PBXFileReference; lastKnownFileType = sourcecode.swift; path = ChannelsViewController.swift; sourceTree = "<group>"; };
		44777E5F215CD8E200E0F0C0 /* SigninViewController.xib */ = {isa = PBXFileReference; fileEncoding = 4; lastKnownFileType = file.xib; path = SigninViewController.xib; sourceTree = "<group>"; };
		44777E63215CD97400E0F0C0 /* AppControl.swift */ = {isa = PBXFileReference; lastKnownFileType = sourcecode.swift; path = AppControl.swift; sourceTree = "<group>"; };
		44777E65215CD9E100E0F0C0 /* SigninViewController.swift */ = {isa = PBXFileReference; lastKnownFileType = sourcecode.swift; path = SigninViewController.swift; sourceTree = "<group>"; };
		44777E67215CDA5100E0F0C0 /* NavigationController.swift */ = {isa = PBXFileReference; lastKnownFileType = sourcecode.swift; path = NavigationController.swift; sourceTree = "<group>"; };
		44777E69215CDA9D00E0F0C0 /* AppSetting.swift */ = {isa = PBXFileReference; lastKnownFileType = sourcecode.swift; path = AppSetting.swift; sourceTree = "<group>"; };
		4488A750215EDF8400434394 /* WelcomeViewController.xib */ = {isa = PBXFileReference; lastKnownFileType = file.xib; path = WelcomeViewController.xib; sourceTree = "<group>"; };
		4488A752215EEC6500434394 /* LoginViewController.swift */ = {isa = PBXFileReference; lastKnownFileType = sourcecode.swift; path = LoginViewController.swift; sourceTree = "<group>"; };
		4488A753215EEC6500434394 /* LoginViewController.xib */ = {isa = PBXFileReference; lastKnownFileType = file.xib; path = LoginViewController.xib; sourceTree = "<group>"; };
		86B29FF501B7D8B05728A16B /* Pods-Chat-Now.release.xcconfig */ = {isa = PBXFileReference; includeInIndex = 1; lastKnownFileType = text.xcconfig; name = "Pods-Chat-Now.release.xcconfig"; path = "Pods/Target Support Files/Pods-Chat-Now/Pods-Chat-Now.release.xcconfig"; sourceTree = "<group>"; };
		D95F3996066A368DAE1FB10D /* Pods_Chat_Now.framework */ = {isa = PBXFileReference; explicitFileType = wrapper.framework; includeInIndex = 0; path = Pods_Chat_Now.framework; sourceTree = BUILT_PRODUCTS_DIR; };
		F3B99C7C30650841706E233E /* Pods-Chat-Now.debug.xcconfig */ = {isa = PBXFileReference; includeInIndex = 1; lastKnownFileType = text.xcconfig; name = "Pods-Chat-Now.debug.xcconfig"; path = "Pods/Target Support Files/Pods-Chat-Now/Pods-Chat-Now.debug.xcconfig"; sourceTree = "<group>"; };
/* End PBXFileReference section */

/* Begin PBXFrameworksBuildPhase section */
		443D930C2158B22E005099BC /* Frameworks */ = {
			isa = PBXFrameworksBuildPhase;
			buildActionMask = 2147483647;
			files = (
				91E1423C34E5BA3704FD4C65 /* Pods_Chat_Now.framework in Frameworks */,
			);
			runOnlyForDeploymentPostprocessing = 0;
		};
/* End PBXFrameworksBuildPhase section */

/* Begin PBXGroup section */
		40A3D7DDB6F9E0B943508B8B /* Pods */ = {
			isa = PBXGroup;
			children = (
				F3B99C7C30650841706E233E /* Pods-Chat-Now.debug.xcconfig */,
				86B29FF501B7D8B05728A16B /* Pods-Chat-Now.release.xcconfig */,
			);
			name = Pods;
			sourceTree = "<group>";
		};
		443D93062158B22E005099BC = {
			isa = PBXGroup;
			children = (
				443D93112158B22E005099BC /* Chat-Now */,
				443D93102158B22E005099BC /* Products */,
				40A3D7DDB6F9E0B943508B8B /* Pods */,
				F561A5E837D8FCE604831E82 /* Frameworks */,
			);
			sourceTree = "<group>";
		};
		443D93102158B22E005099BC /* Products */ = {
			isa = PBXGroup;
			children = (
				443D930F2158B22E005099BC /* Chat-Now.app */,
			);
			name = Products;
			sourceTree = "<group>";
		};
		443D93112158B22E005099BC /* Chat-Now */ = {
			isa = PBXGroup;
			children = (
				4488A74F215EAE5D00434394 /* ViewController */,
				44777E4F215C659000E0F0C0 /* Addition */,
				443D932621595479005099BC /* Controller */,
				443D932521595471005099BC /* View */,
				443D932421595451005099BC /* Model */,
				443D93192158B22F005099BC /* Assets.xcassets */,
				443D931E2158B22F005099BC /* Info.plist */,
				443D93312159A40B005099BC /* GoogleService-Info.plist */,
			);
			path = "Chat-Now";
			sourceTree = "<group>";
		};
		443D932421595451005099BC /* Model */ = {
			isa = PBXGroup;
			children = (
				443D93352159B474005099BC /* Message.swift */,
				44777E58215CBDFB00E0F0C0 /* DBrepresent.swift */,
				44777E5A215CBE6800E0F0C0 /* Channel.swift */,
			);
			path = Model;
			sourceTree = "<group>";
		};
		443D932521595471005099BC /* View */ = {
			isa = PBXGroup;
			children = (
				4488A753215EEC6500434394 /* LoginViewController.xib */,
				44777E5F215CD8E200E0F0C0 /* SigninViewController.xib */,
				443D931B2158B22F005099BC /* LaunchScreen.storyboard */,
			);
			path = View;
			sourceTree = "<group>";
		};
		443D932621595479005099BC /* Controller */ = {
			isa = PBXGroup;
			children = (
				443D93122158B22E005099BC /* AppDelegate.swift */,
				44777E63215CD97400E0F0C0 /* AppControl.swift */,
				44777E69215CDA9D00E0F0C0 /* AppSetting.swift */,
			);
			path = Controller;
			sourceTree = "<group>";
		};
		44777E4F215C659000E0F0C0 /* Addition */ = {
			isa = PBXGroup;
			children = (
				44777E51215C65C300E0F0C0 /* UICollectionView+.swift */,
				44777E53215C65C400E0F0C0 /* UIColor+.swift */,
				44777E52215C65C300E0F0C0 /* UIImage+.swift */,
				44777E50215C65C200E0F0C0 /* UIView+.swift */,
			);
			path = Addition;
			sourceTree = "<group>";
		};
		4488A74F215EAE5D00434394 /* ViewController */ = {
			isa = PBXGroup;
			children = (
				44777E5D215CBF6500E0F0C0 /* ChannelsViewController.swift */,
				44777E65215CD9E100E0F0C0 /* SigninViewController.swift */,
				44777E67215CDA5100E0F0C0 /* NavigationController.swift */,
				443D93292159659A005099BC /* ChatViewController.swift */,
				443D932721595664005099BC /* WelcomeViewController.swift */,
				4488A752215EEC6500434394 /* LoginViewController.swift */,
				4488A750215EDF8400434394 /* WelcomeViewController.xib */,
			);
			path = ViewController;
			sourceTree = "<group>";
		};
		F561A5E837D8FCE604831E82 /* Frameworks */ = {
			isa = PBXGroup;
			children = (
				D95F3996066A368DAE1FB10D /* Pods_Chat_Now.framework */,
			);
			name = Frameworks;
			sourceTree = "<group>";
		};
/* End PBXGroup section */

/* Begin PBXNativeTarget section */
		443D930E2158B22E005099BC /* Chat-Now */ = {
			isa = PBXNativeTarget;
			buildConfigurationList = 443D93212158B22F005099BC /* Build configuration list for PBXNativeTarget "Chat-Now" */;
			buildPhases = (
				E3BC670CE8497BE76D8699BE /* [CP] Check Pods Manifest.lock */,
				443D930B2158B22E005099BC /* Sources */,
				443D930C2158B22E005099BC /* Frameworks */,
				443D930D2158B22E005099BC /* Resources */,
				556197FE5FF7B35A8625BD74 /* [CP] Embed Pods Frameworks */,
			);
			buildRules = (
			);
			dependencies = (
			);
			name = "Chat-Now";
			productName = "Chat-Now";
			productReference = 443D930F2158B22E005099BC /* Chat-Now.app */;
			productType = "com.apple.product-type.application";
		};
/* End PBXNativeTarget section */

/* Begin PBXProject section */
		443D93072158B22E005099BC /* Project object */ = {
			isa = PBXProject;
			attributes = {
				LastSwiftUpdateCheck = 0940;
				LastUpgradeCheck = 0940;
				ORGANIZATIONNAME = "Zhicheng Qian";
				TargetAttributes = {
					443D930E2158B22E005099BC = {
						CreatedOnToolsVersion = 9.4.1;
						LastSwiftMigration = 1000;
					};
				};
			};
			buildConfigurationList = 443D930A2158B22E005099BC /* Build configuration list for PBXProject "Chat-Now" */;
			compatibilityVersion = "Xcode 9.3";
			developmentRegion = en;
			hasScannedForEncodings = 0;
			knownRegions = (
				en,
				Base,
			);
			mainGroup = 443D93062158B22E005099BC;
			productRefGroup = 443D93102158B22E005099BC /* Products */;
			projectDirPath = "";
			projectRoot = "";
			targets = (
				443D930E2158B22E005099BC /* Chat-Now */,
			);
		};
/* End PBXProject section */

/* Begin PBXResourcesBuildPhase section */
		443D930D2158B22E005099BC /* Resources */ = {
			isa = PBXResourcesBuildPhase;
			buildActionMask = 2147483647;
			files = (
				4488A751215EDF8400434394 /* WelcomeViewController.xib in Resources */,
				44777E60215CD8E200E0F0C0 /* SigninViewController.xib in Resources */,
				4488A755215EEC6500434394 /* LoginViewController.xib in Resources */,
				443D93392159B89F005099BC /* LaunchScreen.storyboard in Resources */,
				443D93322159A40B005099BC /* GoogleService-Info.plist in Resources */,
				443D931A2158B22F005099BC /* Assets.xcassets in Resources */,
			);
			runOnlyForDeploymentPostprocessing = 0;
		};
/* End PBXResourcesBuildPhase section */

/* Begin PBXShellScriptBuildPhase section */
		556197FE5FF7B35A8625BD74 /* [CP] Embed Pods Frameworks */ = {
			isa = PBXShellScriptBuildPhase;
			buildActionMask = 2147483647;
			files = (
			);
			inputPaths = (
				"${SRCROOT}/Pods/Target Support Files/Pods-Chat-Now/Pods-Chat-Now-frameworks.sh",
				"${BUILT_PRODUCTS_DIR}/BoringSSL/openssl.framework",
				"${BUILT_PRODUCTS_DIR}/ChameleonFramework/ChameleonFramework.framework",
				"${BUILT_PRODUCTS_DIR}/GTMSessionFetcher/GTMSessionFetcher.framework",
				"${BUILT_PRODUCTS_DIR}/GoogleUtilities/GoogleUtilities.framework",
				"${BUILT_PRODUCTS_DIR}/MessageKit/MessageKit.framework",
				"${BUILT_PRODUCTS_DIR}/Protobuf/Protobuf.framework",
				"${BUILT_PRODUCTS_DIR}/SVProgressHUD/SVProgressHUD.framework",
				"${BUILT_PRODUCTS_DIR}/gRPC/GRPCClient.framework",
				"${BUILT_PRODUCTS_DIR}/gRPC-C++/grpcpp.framework",
				"${BUILT_PRODUCTS_DIR}/gRPC-Core/grpc.framework",
				"${BUILT_PRODUCTS_DIR}/gRPC-ProtoRPC/ProtoRPC.framework",
				"${BUILT_PRODUCTS_DIR}/gRPC-RxLibrary/RxLibrary.framework",
				"${BUILT_PRODUCTS_DIR}/leveldb-library/leveldb.framework",
				"${BUILT_PRODUCTS_DIR}/nanopb/nanopb.framework",
			);
			name = "[CP] Embed Pods Frameworks";
			outputPaths = (
				"${TARGET_BUILD_DIR}/${FRAMEWORKS_FOLDER_PATH}/openssl.framework",
				"${TARGET_BUILD_DIR}/${FRAMEWORKS_FOLDER_PATH}/ChameleonFramework.framework",
				"${TARGET_BUILD_DIR}/${FRAMEWORKS_FOLDER_PATH}/GTMSessionFetcher.framework",
				"${TARGET_BUILD_DIR}/${FRAMEWORKS_FOLDER_PATH}/GoogleUtilities.framework",
				"${TARGET_BUILD_DIR}/${FRAMEWORKS_FOLDER_PATH}/MessageKit.framework",
				"${TARGET_BUILD_DIR}/${FRAMEWORKS_FOLDER_PATH}/Protobuf.framework",
				"${TARGET_BUILD_DIR}/${FRAMEWORKS_FOLDER_PATH}/SVProgressHUD.framework",
				"${TARGET_BUILD_DIR}/${FRAMEWORKS_FOLDER_PATH}/GRPCClient.framework",
				"${TARGET_BUILD_DIR}/${FRAMEWORKS_FOLDER_PATH}/grpcpp.framework",
				"${TARGET_BUILD_DIR}/${FRAMEWORKS_FOLDER_PATH}/grpc.framework",
				"${TARGET_BUILD_DIR}/${FRAMEWORKS_FOLDER_PATH}/ProtoRPC.framework",
				"${TARGET_BUILD_DIR}/${FRAMEWORKS_FOLDER_PATH}/RxLibrary.framework",
				"${TARGET_BUILD_DIR}/${FRAMEWORKS_FOLDER_PATH}/leveldb.framework",
				"${TARGET_BUILD_DIR}/${FRAMEWORKS_FOLDER_PATH}/nanopb.framework",
			);
			runOnlyForDeploymentPostprocessing = 0;
			shellPath = /bin/sh;
			shellScript = "\"${SRCROOT}/Pods/Target Support Files/Pods-Chat-Now/Pods-Chat-Now-frameworks.sh\"\n";
			showEnvVarsInLog = 0;
		};
		E3BC670CE8497BE76D8699BE /* [CP] Check Pods Manifest.lock */ = {
			isa = PBXShellScriptBuildPhase;
			buildActionMask = 2147483647;
			files = (
			);
			inputPaths = (
				"${PODS_PODFILE_DIR_PATH}/Podfile.lock",
				"${PODS_ROOT}/Manifest.lock",
			);
			name = "[CP] Check Pods Manifest.lock";
			outputPaths = (
				"$(DERIVED_FILE_DIR)/Pods-Chat-Now-checkManifestLockResult.txt",
			);
			runOnlyForDeploymentPostprocessing = 0;
			shellPath = /bin/sh;
			shellScript = "diff \"${PODS_PODFILE_DIR_PATH}/Podfile.lock\" \"${PODS_ROOT}/Manifest.lock\" > /dev/null\nif [ $? != 0 ] ; then\n    # print error to STDERR\n    echo \"error: The sandbox is not in sync with the Podfile.lock. Run 'pod install' or update your CocoaPods installation.\" >&2\n    exit 1\nfi\n# This output is used by Xcode 'outputs' to avoid re-running this script phase.\necho \"SUCCESS\" > \"${SCRIPT_OUTPUT_FILE_0}\"\n";
			showEnvVarsInLog = 0;
		};
/* End PBXShellScriptBuildPhase section */

/* Begin PBXSourcesBuildPhase section */
		443D930B2158B22E005099BC /* Sources */ = {
			isa = PBXSourcesBuildPhase;
			buildActionMask = 2147483647;
			files = (
				443D932821595664005099BC /* WelcomeViewController.swift in Sources */,
				44777E5B215CBE6800E0F0C0 /* Channel.swift in Sources */,
				44777E57215C65C400E0F0C0 /* UIColor+.swift in Sources */,
				44777E55215C65C400E0F0C0 /* UICollectionView+.swift in Sources */,
				44777E64215CD97400E0F0C0 /* AppControl.swift in Sources */,
				44777E59215CBDFB00E0F0C0 /* DBrepresent.swift in Sources */,
				44777E5E215CBF6500E0F0C0 /* ChannelsViewController.swift in Sources */,
				44777E68215CDA5100E0F0C0 /* NavigationController.swift in Sources */,
				44777E6A215CDA9D00E0F0C0 /* AppSetting.swift in Sources */,
				44777E54215C65C400E0F0C0 /* UIView+.swift in Sources */,
				443D932A2159659A005099BC /* ChatViewController.swift in Sources */,
				44777E66215CD9E100E0F0C0 /* SigninViewController.swift in Sources */,
				4488A754215EEC6500434394 /* LoginViewController.swift in Sources */,
				44777E56215C65C400E0F0C0 /* UIImage+.swift in Sources */,
				443D93132158B22E005099BC /* AppDelegate.swift in Sources */,
				443D93362159B474005099BC /* Message.swift in Sources */,
			);
			runOnlyForDeploymentPostprocessing = 0;
		};
/* End PBXSourcesBuildPhase section */

/* Begin PBXVariantGroup section */
		443D931B2158B22F005099BC /* LaunchScreen.storyboard */ = {
			isa = PBXVariantGroup;
			children = (
				443D931C2158B22F005099BC /* Base */,
			);
			name = LaunchScreen.storyboard;
			sourceTree = "<group>";
		};
/* End PBXVariantGroup section */

/* Begin XCBuildConfiguration section */
		443D931F2158B22F005099BC /* Debug */ = {
			isa = XCBuildConfiguration;
			buildSettings = {
				ALWAYS_SEARCH_USER_PATHS = NO;
				CLANG_ANALYZER_NONNULL = YES;
				CLANG_ANALYZER_NUMBER_OBJECT_CONVERSION = YES_AGGRESSIVE;
				CLANG_CXX_LANGUAGE_STANDARD = "gnu++14";
				CLANG_CXX_LIBRARY = "libc++";
				CLANG_ENABLE_MODULES = YES;
				CLANG_ENABLE_OBJC_ARC = YES;
				CLANG_ENABLE_OBJC_WEAK = YES;
				CLANG_WARN_BLOCK_CAPTURE_AUTORELEASING = YES;
				CLANG_WARN_BOOL_CONVERSION = YES;
				CLANG_WARN_COMMA = YES;
				CLANG_WARN_CONSTANT_CONVERSION = YES;
				CLANG_WARN_DEPRECATED_OBJC_IMPLEMENTATIONS = YES;
				CLANG_WARN_DIRECT_OBJC_ISA_USAGE = YES_ERROR;
				CLANG_WARN_DOCUMENTATION_COMMENTS = YES;
				CLANG_WARN_EMPTY_BODY = YES;
				CLANG_WARN_ENUM_CONVERSION = YES;
				CLANG_WARN_INFINITE_RECURSION = YES;
				CLANG_WARN_INT_CONVERSION = YES;
				CLANG_WARN_NON_LITERAL_NULL_CONVERSION = YES;
				CLANG_WARN_OBJC_IMPLICIT_RETAIN_SELF = YES;
				CLANG_WARN_OBJC_LITERAL_CONVERSION = YES;
				CLANG_WARN_OBJC_ROOT_CLASS = YES_ERROR;
				CLANG_WARN_RANGE_LOOP_ANALYSIS = YES;
				CLANG_WARN_STRICT_PROTOTYPES = YES;
				CLANG_WARN_SUSPICIOUS_MOVE = YES;
				CLANG_WARN_UNGUARDED_AVAILABILITY = YES_AGGRESSIVE;
				CLANG_WARN_UNREACHABLE_CODE = YES;
				CLANG_WARN__DUPLICATE_METHOD_MATCH = YES;
				CODE_SIGN_IDENTITY = "iPhone Developer";
				COPY_PHASE_STRIP = NO;
				DEBUG_INFORMATION_FORMAT = dwarf;
				ENABLE_STRICT_OBJC_MSGSEND = YES;
				ENABLE_TESTABILITY = YES;
				GCC_C_LANGUAGE_STANDARD = gnu11;
				GCC_DYNAMIC_NO_PIC = NO;
				GCC_NO_COMMON_BLOCKS = YES;
				GCC_OPTIMIZATION_LEVEL = 0;
				GCC_PREPROCESSOR_DEFINITIONS = (
					"DEBUG=1",
					"$(inherited)",
				);
				GCC_WARN_64_TO_32_BIT_CONVERSION = YES;
				GCC_WARN_ABOUT_RETURN_TYPE = YES_ERROR;
				GCC_WARN_UNDECLARED_SELECTOR = YES;
				GCC_WARN_UNINITIALIZED_AUTOS = YES_AGGRESSIVE;
				GCC_WARN_UNUSED_FUNCTION = YES;
				GCC_WARN_UNUSED_VARIABLE = YES;
				IPHONEOS_DEPLOYMENT_TARGET = 11.4;
				MTL_ENABLE_DEBUG_INFO = YES;
				ONLY_ACTIVE_ARCH = YES;
				SDKROOT = iphoneos;
				SWIFT_ACTIVE_COMPILATION_CONDITIONS = DEBUG;
				SWIFT_OPTIMIZATION_LEVEL = "-Onone";
			};
			name = Debug;
		};
		443D93202158B22F005099BC /* Release */ = {
			isa = XCBuildConfiguration;
			buildSettings = {
				ALWAYS_SEARCH_USER_PATHS = NO;
				CLANG_ANALYZER_NONNULL = YES;
				CLANG_ANALYZER_NUMBER_OBJECT_CONVERSION = YES_AGGRESSIVE;
				CLANG_CXX_LANGUAGE_STANDARD = "gnu++14";
				CLANG_CXX_LIBRARY = "libc++";
				CLANG_ENABLE_MODULES = YES;
				CLANG_ENABLE_OBJC_ARC = YES;
				CLANG_ENABLE_OBJC_WEAK = YES;
				CLANG_WARN_BLOCK_CAPTURE_AUTORELEASING = YES;
				CLANG_WARN_BOOL_CONVERSION = YES;
				CLANG_WARN_COMMA = YES;
				CLANG_WARN_CONSTANT_CONVERSION = YES;
				CLANG_WARN_DEPRECATED_OBJC_IMPLEMENTATIONS = YES;
				CLANG_WARN_DIRECT_OBJC_ISA_USAGE = YES_ERROR;
				CLANG_WARN_DOCUMENTATION_COMMENTS = YES;
				CLANG_WARN_EMPTY_BODY = YES;
				CLANG_WARN_ENUM_CONVERSION = YES;
				CLANG_WARN_INFINITE_RECURSION = YES;
				CLANG_WARN_INT_CONVERSION = YES;
				CLANG_WARN_NON_LITERAL_NULL_CONVERSION = YES;
				CLANG_WARN_OBJC_IMPLICIT_RETAIN_SELF = YES;
				CLANG_WARN_OBJC_LITERAL_CONVERSION = YES;
				CLANG_WARN_OBJC_ROOT_CLASS = YES_ERROR;
				CLANG_WARN_RANGE_LOOP_ANALYSIS = YES;
				CLANG_WARN_STRICT_PROTOTYPES = YES;
				CLANG_WARN_SUSPICIOUS_MOVE = YES;
				CLANG_WARN_UNGUARDED_AVAILABILITY = YES_AGGRESSIVE;
				CLANG_WARN_UNREACHABLE_CODE = YES;
				CLANG_WARN__DUPLICATE_METHOD_MATCH = YES;
				CODE_SIGN_IDENTITY = "iPhone Developer";
				COPY_PHASE_STRIP = NO;
				DEBUG_INFORMATION_FORMAT = "dwarf-with-dsym";
				ENABLE_NS_ASSERTIONS = NO;
				ENABLE_STRICT_OBJC_MSGSEND = YES;
				GCC_C_LANGUAGE_STANDARD = gnu11;
				GCC_NO_COMMON_BLOCKS = YES;
				GCC_WARN_64_TO_32_BIT_CONVERSION = YES;
				GCC_WARN_ABOUT_RETURN_TYPE = YES_ERROR;
				GCC_WARN_UNDECLARED_SELECTOR = YES;
				GCC_WARN_UNINITIALIZED_AUTOS = YES_AGGRESSIVE;
				GCC_WARN_UNUSED_FUNCTION = YES;
				GCC_WARN_UNUSED_VARIABLE = YES;
				IPHONEOS_DEPLOYMENT_TARGET = 11.4;
				MTL_ENABLE_DEBUG_INFO = NO;
				SDKROOT = iphoneos;
				SWIFT_COMPILATION_MODE = wholemodule;
				SWIFT_OPTIMIZATION_LEVEL = "-O";
				VALIDATE_PRODUCT = YES;
			};
			name = Release;
		};
		443D93222158B22F005099BC /* Debug */ = {
			isa = XCBuildConfiguration;
			baseConfigurationReference = F3B99C7C30650841706E233E /* Pods-Chat-Now.debug.xcconfig */;
			buildSettings = {
				ASSETCATALOG_COMPILER_APPICON_NAME = AppIcon;
				CODE_SIGN_STYLE = Automatic;
				DEVELOPMENT_TEAM = S3T2S3KLVY;
				INFOPLIST_FILE = "Chat-Now/Info.plist";
				IPHONEOS_DEPLOYMENT_TARGET = 10.0;
				LD_RUNPATH_SEARCH_PATHS = (
					"$(inherited)",
					"@executable_path/Frameworks",
				);
				PRODUCT_BUNDLE_IDENTIFIER = "com.impeltown.Chat-Now";
				PRODUCT_NAME = "$(TARGET_NAME)";
				SWIFT_VERSION = 4.2;
				TARGETED_DEVICE_FAMILY = 1;
			};
			name = Debug;
		};
		443D93232158B22F005099BC /* Release */ = {
			isa = XCBuildConfiguration;
			baseConfigurationReference = 86B29FF501B7D8B05728A16B /* Pods-Chat-Now.release.xcconfig */;
			buildSettings = {
				ASSETCATALOG_COMPILER_APPICON_NAME = AppIcon;
				CODE_SIGN_STYLE = Automatic;
				DEVELOPMENT_TEAM = S3T2S3KLVY;
				INFOPLIST_FILE = "Chat-Now/Info.plist";
				IPHONEOS_DEPLOYMENT_TARGET = 10.0;
				LD_RUNPATH_SEARCH_PATHS = (
					"$(inherited)",
					"@executable_path/Frameworks",
				);
				PRODUCT_BUNDLE_IDENTIFIER = "com.impeltown.Chat-Now";
				PRODUCT_NAME = "$(TARGET_NAME)";
				SWIFT_VERSION = 4.2;
				TARGETED_DEVICE_FAMILY = 1;
			};
			name = Release;
		};
/* End XCBuildConfiguration section */

/* Begin XCConfigurationList section */
		443D930A2158B22E005099BC /* Build configuration list for PBXProject "Chat-Now" */ = {
			isa = XCConfigurationList;
			buildConfigurations = (
				443D931F2158B22F005099BC /* Debug */,
				443D93202158B22F005099BC /* Release */,
			);
			defaultConfigurationIsVisible = 0;
			defaultConfigurationName = Release;
		};
		443D93212158B22F005099BC /* Build configuration list for PBXNativeTarget "Chat-Now" */ = {
			isa = XCConfigurationList;
			buildConfigurations = (
				443D93222158B22F005099BC /* Debug */,
				443D93232158B22F005099BC /* Release */,
			);
			defaultConfigurationIsVisible = 0;
			defaultConfigurationName = Release;
		};
/* End XCConfigurationList section */
	};
	rootObject = 443D93072158B22E005099BC /* Project object */;
}
